
Microsoft Visual Studio Solution File, Format Version 12.00
# Visual Studio Version 17
VisualStudioVersion = 17.10.35027.167
MinimumVisualStudioVersion = 10.0.40219.1
Project("{FAE04EC0-301F-11D3-BF4B-00C04F79EFBC}") = "SalesWebMvc", "SalesWebMvc\SalesWebMvc.csproj", "{B02470B7-DB65-4BD8-9C38-5FD1A1A99DE4}"
EndProject
Global
	GlobalSection(SolutionConfigurationPlatforms) = preSolution
		Debug|Any CPU = Debug|Any CPU
		Release|Any CPU = Release|Any CPU
	EndGlobalSection
	GlobalSection(ProjectConfigurationPlatforms) = postSolution
		{B02470B7-DB65-4BD8-9C38-5FD1A1A99DE4}.Debug|Any CPU.ActiveCfg = Debug|Any CPU
		{B02470B7-DB65-4BD8-9C38-5FD1A1A99DE4}.Debug|Any CPU.Build.0 = Debug|Any CPU
		{B02470B7-DB65-4BD8-9C38-5FD1A1A99DE4}.Release|Any CPU.ActiveCfg = Release|Any CPU
		{B02470B7-DB65-4BD8-9C38-5FD1A1A99DE4}.Release|Any CPU.Build.0 = Release|Any CPU
	EndGlobalSection
	GlobalSection(SolutionProperties) = preSolution
		HideSolutionNode = FALSE
	EndGlobalSection
	GlobalSection(ExtensibilityGlobals) = postSolution
		SolutionGuid = {AB0C09AB-A6BC-453C-881B-D4A4A510830B}
	EndGlobalSection
EndGlobal
